// !$*UTF8*$!
{
	archiveVersion = 1;
	classes = {
	};
	objectVersion = 50;
	objects = {

/* Begin PBXBuildFile section */
		1648D1642205DDFB00D824A4 /* AppDelegate.swift in Sources */ = {isa = PBXBuildFile; fileRef = 1648D1632205DDFB00D824A4 /* AppDelegate.swift */; };
		1648D1662205DDFB00D824A4 /* CameraScreenVC.swift in Sources */ = {isa = PBXBuildFile; fileRef = 1648D1652205DDFB00D824A4 /* CameraScreenVC.swift */; };
		1648D1692205DDFB00D824A4 /* Main.storyboard in Resources */ = {isa = PBXBuildFile; fileRef = 1648D1672205DDFB00D824A4 /* Main.storyboard */; };
		1648D16B2205DDFE00D824A4 /* Assets.xcassets in Resources */ = {isa = PBXBuildFile; fileRef = 1648D16A2205DDFE00D824A4 /* Assets.xcassets */; };
		1648D16E2205DDFE00D824A4 /* LaunchScreen.storyboard in Resources */ = {isa = PBXBuildFile; fileRef = 1648D16C2205DDFE00D824A4 /* LaunchScreen.storyboard */; };
		1648D197220615D500D824A4 /* Inceptionv3.mlmodel in Sources */ = {isa = PBXBuildFile; fileRef = 1648D196220615D500D824A4 /* Inceptionv3.mlmodel */; };
		16DF50072206317200E24A41 /* clearItemsString.txt in Resources */ = {isa = PBXBuildFile; fileRef = 16DF50032206317200E24A41 /* clearItemsString.txt */; };
		16DF50082206317200E24A41 /* greenItemsString.txt in Resources */ = {isa = PBXBuildFile; fileRef = 16DF50042206317200E24A41 /* greenItemsString.txt */; };
		16DF50092206317200E24A41 /* blueItemsString.txt in Resources */ = {isa = PBXBuildFile; fileRef = 16DF50052206317200E24A41 /* blueItemsString.txt */; };
		16DF500A2206317200E24A41 /* hazardItemsString.txt in Resources */ = {isa = PBXBuildFile; fileRef = 16DF50062206317200E24A41 /* hazardItemsString.txt */; };
		16DF500C220651F300E24A41 /* MLModelTrainingData.txt in Resources */ = {isa = PBXBuildFile; fileRef = 16DF500B220651F300E24A41 /* MLModelTrainingData.txt */; };
/* End PBXBuildFile section */

/* Begin PBXFileReference section */
		1648D1602205DDFB00D824A4 /* Trashinator.app */ = {isa = PBXFileReference; explicitFileType = wrapper.application; includeInIndex = 0; path = Trashinator.app; sourceTree = BUILT_PRODUCTS_DIR; };
		1648D1632205DDFB00D824A4 /* AppDelegate.swift */ = {isa = PBXFileReference; lastKnownFileType = sourcecode.swift; path = AppDelegate.swift; sourceTree = "<group>"; };
		1648D1652205DDFB00D824A4 /* CameraScreenVC.swift */ = {isa = PBXFileReference; lastKnownFileType = sourcecode.swift; path = CameraScreenVC.swift; sourceTree = "<group>"; };
		1648D1682205DDFB00D824A4 /* Base */ = {isa = PBXFileReference; lastKnownFileType = file.storyboard; name = Base; path = Base.lproj/Main.storyboard; sourceTree = "<group>"; };
		1648D16A2205DDFE00D824A4 /* Assets.xcassets */ = {isa = PBXFileReference; lastKnownFileType = folder.assetcatalog; path = Assets.xcassets; sourceTree = "<group>"; };
		1648D16D2205DDFE00D824A4 /* Base */ = {isa = PBXFileReference; lastKnownFileType = file.storyboard; name = Base; path = Base.lproj/LaunchScreen.storyboard; sourceTree = "<group>"; };
		1648D16F2205DDFE00D824A4 /* Info.plist */ = {isa = PBXFileReference; lastKnownFileType = text.plist.xml; path = Info.plist; sourceTree = "<group>"; };
		1648D196220615D500D824A4 /* Inceptionv3.mlmodel */ = {isa = PBXFileReference; lastKnownFileType = file.mlmodel; name = Inceptionv3.mlmodel; path = ../../../Downloads/Inceptionv3.mlmodel; sourceTree = "<group>"; };
		16DF50032206317200E24A41 /* clearItemsString.txt */ = {isa = PBXFileReference; fileEncoding = 4; lastKnownFileType = text; path = clearItemsString.txt; sourceTree = "<group>"; };
		16DF50042206317200E24A41 /* greenItemsString.txt */ = {isa = PBXFileReference; fileEncoding = 4; lastKnownFileType = text; path = greenItemsString.txt; sourceTree = "<group>"; };
		16DF50052206317200E24A41 /* blueItemsString.txt */ = {isa = PBXFileReference; fileEncoding = 4; lastKnownFileType = text; path = blueItemsString.txt; sourceTree = "<group>"; };
		16DF50062206317200E24A41 /* hazardItemsString.txt */ = {isa = PBXFileReference; fileEncoding = 4; lastKnownFileType = text; path = hazardItemsString.txt; sourceTree = "<group>"; };
		16DF500B220651F300E24A41 /* MLModelTrainingData.txt */ = {isa = PBXFileReference; lastKnownFileType = text; path = MLModelTrainingData.txt; sourceTree = "<group>"; };
/* End PBXFileReference section */

/* Begin PBXFrameworksBuildPhase section */
		1648D15D2205DDFB00D824A4 /* Frameworks */ = {
			isa = PBXFrameworksBuildPhase;
			buildActionMask = 2147483647;
			files = (
			);
			runOnlyForDeploymentPostprocessing = 0;
		};
/* End PBXFrameworksBuildPhase section */

/* Begin PBXGroup section */
		1648D1572205DDFB00D824A4 = {
			isa = PBXGroup;
			children = (
				1648D196220615D500D824A4 /* Inceptionv3.mlmodel */,
				16DF50052206317200E24A41 /* blueItemsString.txt */,
				16DF50032206317200E24A41 /* clearItemsString.txt */,
				16DF50042206317200E24A41 /* greenItemsString.txt */,
				16DF50062206317200E24A41 /* hazardItemsString.txt */,
				1648D1622205DDFB00D824A4 /* Trashinator */,
				1648D1612205DDFB00D824A4 /* Products */,
			);
			sourceTree = "<group>";
		};
		1648D1612205DDFB00D824A4 /* Products */ = {
			isa = PBXGroup;
			children = (
				1648D1602205DDFB00D824A4 /* Trashinator.app */,
			);
			name = Products;
			sourceTree = "<group>";
		};
		1648D1622205DDFB00D824A4 /* Trashinator */ = {
			isa = PBXGroup;
			children = (
				1648D1652205DDFB00D824A4 /* CameraScreenVC.swift */,
				1648D1752205DE8500D824A4 /* Storyboards */,
				1648D1632205DDFB00D824A4 /* AppDelegate.swift */,
				1648D16A2205DDFE00D824A4 /* Assets.xcassets */,
				1648D16C2205DDFE00D824A4 /* LaunchScreen.storyboard */,
				1648D16F2205DDFE00D824A4 /* Info.plist */,
				16DF500B220651F300E24A41 /* MLModelTrainingData.txt */,
			);
			path = Trashinator;
			sourceTree = "<group>";
		};
		1648D1752205DE8500D824A4 /* Storyboards */ = {
			isa = PBXGroup;
			children = (
				1648D1672205DDFB00D824A4 /* Main.storyboard */,
			);
			path = Storyboards;
			sourceTree = "<group>";
		};
/* End PBXGroup section */

/* Begin PBXNativeTarget section */
		1648D15F2205DDFB00D824A4 /* Trashinator */ = {
			isa = PBXNativeTarget;
			buildConfigurationList = 1648D1722205DDFE00D824A4 /* Build configuration list for PBXNativeTarget "Trashinator" */;
			buildPhases = (
				1648D15C2205DDFB00D824A4 /* Sources */,
				1648D15D2205DDFB00D824A4 /* Frameworks */,
				1648D15E2205DDFB00D824A4 /* Resources */,
			);
			buildRules = (
			);
			dependencies = (
			);
			name = Trashinator;
			productName = Trashinator;
			productReference = 1648D1602205DDFB00D824A4 /* Trashinator.app */;
			productType = "com.apple.product-type.application";
		};
/* End PBXNativeTarget section */

/* Begin PBXProject section */
		1648D1582205DDFB00D824A4 /* Project object */ = {
			isa = PBXProject;
			attributes = {
				LastSwiftUpdateCheck = 1010;
				LastUpgradeCheck = 1010;
				ORGANIZATIONNAME = Trashinators;
				TargetAttributes = {
					1648D15F2205DDFB00D824A4 = {
						CreatedOnToolsVersion = 10.1;
					};
				};
			};
			buildConfigurationList = 1648D15B2205DDFB00D824A4 /* Build configuration list for PBXProject "Trashinator" */;
			compatibilityVersion = "Xcode 9.3";
			developmentRegion = en;
			hasScannedForEncodings = 0;
			knownRegions = (
				en,
				Base,
			);
			mainGroup = 1648D1572205DDFB00D824A4;
			productRefGroup = 1648D1612205DDFB00D824A4 /* Products */;
			projectDirPath = "";
			projectRoot = "";
			targets = (
				1648D15F2205DDFB00D824A4 /* Trashinator */,
			);
		};
/* End PBXProject section */

/* Begin PBXResourcesBuildPhase section */
		1648D15E2205DDFB00D824A4 /* Resources */ = {
			isa = PBXResourcesBuildPhase;
			buildActionMask = 2147483647;
			files = (
				1648D16E2205DDFE00D824A4 /* LaunchScreen.storyboard in Resources */,
				1648D16B2205DDFE00D824A4 /* Assets.xcassets in Resources */,
				16DF50072206317200E24A41 /* clearItemsString.txt in Resources */,
				16DF50082206317200E24A41 /* greenItemsString.txt in Resources */,
				16DF500A2206317200E24A41 /* hazardItemsString.txt in Resources */,
				16DF500C220651F300E24A41 /* MLModelTrainingData.txt in Resources */,
				16DF50092206317200E24A41 /* blueItemsString.txt in Resources */,
				1648D1692205DDFB00D824A4 /* Main.storyboard in Resources */,
			);
			runOnlyForDeploymentPostprocessing = 0;
		};
/* End PBXResourcesBuildPhase section */

/* Begin PBXSourcesBuildPhase section */
		1648D15C2205DDFB00D824A4 /* Sources */ = {
			isa = PBXSourcesBuildPhase;
			buildActionMask = 2147483647;
			files = (
				1648D1662205DDFB00D824A4 /* CameraScreenVC.swift in Sources */,
				1648D197220615D500D824A4 /* Inceptionv3.mlmodel in Sources */,
				1648D1642205DDFB00D824A4 /* AppDelegate.swift in Sources */,
			);
			runOnlyForDeploymentPostprocessing = 0;
		};
/* End PBXSourcesBuildPhase section */

/* Begin PBXVariantGroup section */
		1648D1672205DDFB00D824A4 /* Main.storyboard */ = {
			isa = PBXVariantGroup;
			children = (
				1648D1682205DDFB00D824A4 /* Base */,
			);
			name = Main.storyboard;
			sourceTree = "<group>";
		};
		1648D16C2205DDFE00D824A4 /* LaunchScreen.storyboard */ = {
			isa = PBXVariantGroup;
			children = (
				1648D16D2205DDFE00D824A4 /* Base */,
			);
			name = LaunchScreen.storyboard;
			sourceTree = "<group>";
		};
/* End PBXVariantGroup section */

/* Begin XCBuildConfiguration section */
		1648D1702205DDFE00D824A4 /* Debug */ = {
			isa = XCBuildConfiguration;
			buildSettings = {
				ALWAYS_SEARCH_USER_PATHS = NO;
				CLANG_ANALYZER_NONNULL = YES;
				CLANG_ANALYZER_NUMBER_OBJECT_CONVERSION = YES_AGGRESSIVE;
				CLANG_CXX_LANGUAGE_STANDARD = "gnu++14";
				CLANG_CXX_LIBRARY = "libc++";
				CLANG_ENABLE_MODULES = YES;
				CLANG_ENABLE_OBJC_ARC = YES;
				CLANG_ENABLE_OBJC_WEAK = YES;
				CLANG_WARN_BLOCK_CAPTURE_AUTORELEASING = YES;
				CLANG_WARN_BOOL_CONVERSION = YES;
				CLANG_WARN_COMMA = YES;
				CLANG_WARN_CONSTANT_CONVERSION = YES;
				CLANG_WARN_DEPRECATED_OBJC_IMPLEMENTATIONS = YES;
				CLANG_WARN_DIRECT_OBJC_ISA_USAGE = YES_ERROR;
				CLANG_WARN_DOCUMENTATION_COMMENTS = YES;
				CLANG_WARN_EMPTY_BODY = YES;
				CLANG_WARN_ENUM_CONVERSION = YES;
				CLANG_WARN_INFINITE_RECURSION = YES;
				CLANG_WARN_INT_CONVERSION = YES;
				CLANG_WARN_NON_LITERAL_NULL_CONVERSION = YES;
				CLANG_WARN_OBJC_IMPLICIT_RETAIN_SELF = YES;
				CLANG_WARN_OBJC_LITERAL_CONVERSION = YES;
				CLANG_WARN_OBJC_ROOT_CLASS = YES_ERROR;
				CLANG_WARN_RANGE_LOOP_ANALYSIS = YES;
				CLANG_WARN_STRICT_PROTOTYPES = YES;
				CLANG_WARN_SUSPICIOUS_MOVE = YES;
				CLANG_WARN_UNGUARDED_AVAILABILITY = YES_AGGRESSIVE;
				CLANG_WARN_UNREACHABLE_CODE = YES;
				CLANG_WARN__DUPLICATE_METHOD_MATCH = YES;
				CODE_SIGN_IDENTITY = "iPhone Developer";
				COPY_PHASE_STRIP = NO;
				DEBUG_INFORMATION_FORMAT = dwarf;
				ENABLE_STRICT_OBJC_MSGSEND = YES;
				ENABLE_TESTABILITY = YES;
				GCC_C_LANGUAGE_STANDARD = gnu11;
				GCC_DYNAMIC_NO_PIC = NO;
				GCC_NO_COMMON_BLOCKS = YES;
				GCC_OPTIMIZATION_LEVEL = 0;
				GCC_PREPROCESSOR_DEFINITIONS = (
					"DEBUG=1",
					"$(inherited)",
				);
				GCC_WARN_64_TO_32_BIT_CONVERSION = YES;
				GCC_WARN_ABOUT_RETURN_TYPE = YES_ERROR;
				GCC_WARN_UNDECLARED_SELECTOR = YES;
				GCC_WARN_UNINITIALIZED_AUTOS = YES_AGGRESSIVE;
				GCC_WARN_UNUSED_FUNCTION = YES;
				GCC_WARN_UNUSED_VARIABLE = YES;
				IPHONEOS_DEPLOYMENT_TARGET = 12.1;
				MTL_ENABLE_DEBUG_INFO = INCLUDE_SOURCE;
				MTL_FAST_MATH = YES;
				ONLY_ACTIVE_ARCH = YES;
				SDKROOT = iphoneos;
				SWIFT_ACTIVE_COMPILATION_CONDITIONS = DEBUG;
				SWIFT_OPTIMIZATION_LEVEL = "-Onone";
			};
			name = Debug;
		};
		1648D1712205DDFE00D824A4 /* Release */ = {
			isa = XCBuildConfiguration;
			buildSettings = {
				ALWAYS_SEARCH_USER_PATHS = NO;
				CLANG_ANALYZER_NONNULL = YES;
				CLANG_ANALYZER_NUMBER_OBJECT_CONVERSION = YES_AGGRESSIVE;
				CLANG_CXX_LANGUAGE_STANDARD = "gnu++14";
				CLANG_CXX_LIBRARY = "libc++";
				CLANG_ENABLE_MODULES = YES;
				CLANG_ENABLE_OBJC_ARC = YES;
				CLANG_ENABLE_OBJC_WEAK = YES;
				CLANG_WARN_BLOCK_CAPTURE_AUTORELEASING = YES;
				CLANG_WARN_BOOL_CONVERSION = YES;
				CLANG_WARN_COMMA = YES;
				CLANG_WARN_CONSTANT_CONVERSION = YES;
				CLANG_WARN_DEPRECATED_OBJC_IMPLEMENTATIONS = YES;
				CLANG_WARN_DIRECT_OBJC_ISA_USAGE = YES_ERROR;
				CLANG_WARN_DOCUMENTATION_COMMENTS = YES;
				CLANG_WARN_EMPTY_BODY = YES;
				CLANG_WARN_ENUM_CONVERSION = YES;
				CLANG_WARN_INFINITE_RECURSION = YES;
				CLANG_WARN_INT_CONVERSION = YES;
				CLANG_WARN_NON_LITERAL_NULL_CONVERSION = YES;
				CLANG_WARN_OBJC_IMPLICIT_RETAIN_SELF = YES;
				CLANG_WARN_OBJC_LITERAL_CONVERSION = YES;
				CLANG_WARN_OBJC_ROOT_CLASS = YES_ERROR;
				CLANG_WARN_RANGE_LOOP_ANALYSIS = YES;
				CLANG_WARN_STRICT_PROTOTYPES = YES;
				CLANG_WARN_SUSPICIOUS_MOVE = YES;
				CLANG_WARN_UNGUARDED_AVAILABILITY = YES_AGGRESSIVE;
				CLANG_WARN_UNREACHABLE_CODE = YES;
				CLANG_WARN__DUPLICATE_METHOD_MATCH = YES;
				CODE_SIGN_IDENTITY = "iPhone Developer";
				COPY_PHASE_STRIP = NO;
				DEBUG_INFORMATION_FORMAT = "dwarf-with-dsym";
				ENABLE_NS_ASSERTIONS = NO;
				ENABLE_STRICT_OBJC_MSGSEND = YES;
				GCC_C_LANGUAGE_STANDARD = gnu11;
				GCC_NO_COMMON_BLOCKS = YES;
				GCC_WARN_64_TO_32_BIT_CONVERSION = YES;
				GCC_WARN_ABOUT_RETURN_TYPE = YES_ERROR;
				GCC_WARN_UNDECLARED_SELECTOR = YES;
				GCC_WARN_UNINITIALIZED_AUTOS = YES_AGGRESSIVE;
				GCC_WARN_UNUSED_FUNCTION = YES;
				GCC_WARN_UNUSED_VARIABLE = YES;
				IPHONEOS_DEPLOYMENT_TARGET = 12.1;
				MTL_ENABLE_DEBUG_INFO = NO;
				MTL_FAST_MATH = YES;
				SDKROOT = iphoneos;
				SWIFT_COMPILATION_MODE = wholemodule;
				SWIFT_OPTIMIZATION_LEVEL = "-O";
				VALIDATE_PRODUCT = YES;
			};
			name = Release;
		};
		1648D1732205DDFE00D824A4 /* Debug */ = {
			isa = XCBuildConfiguration;
			buildSettings = {
				ASSETCATALOG_COMPILER_APPICON_NAME = AppIcon;
				CODE_SIGN_STYLE = Automatic;
				DEVELOPMENT_TEAM = DARJ4N9UMM;
				INFOPLIST_FILE = Trashinator/Info.plist;
				LD_RUNPATH_SEARCH_PATHS = (
					"$(inherited)",
					"@executable_path/Frameworks",
				);
				PRODUCT_BUNDLE_IDENTIFIER = com.MTAHacks.Trashinator;
				PRODUCT_NAME = "$(TARGET_NAME)";
				SWIFT_VERSION = 4.2;
				TARGETED_DEVICE_FAMILY = "1,2";
			};
			name = Debug;
		};
		1648D1742205DDFE00D824A4 /* Release */ = {
			isa = XCBuildConfiguration;
			buildSettings = {
				ASSETCATALOG_COMPILER_APPICON_NAME = AppIcon;
				CODE_SIGN_STYLE = Automatic;
				DEVELOPMENT_TEAM = DARJ4N9UMM;
				INFOPLIST_FILE = Trashinator/Info.plist;
				LD_RUNPATH_SEARCH_PATHS = (
					"$(inherited)",
					"@executable_path/Frameworks",
				);
				PRODUCT_BUNDLE_IDENTIFIER = com.MTAHacks.Trashinator;
				PRODUCT_NAME = "$(TARGET_NAME)";
				SWIFT_VERSION = 4.2;
				TARGETED_DEVICE_FAMILY = "1,2";
			};
			name = Release;
		};
/* End XCBuildConfiguration section */

/* Begin XCConfigurationList section */
		1648D15B2205DDFB00D824A4 /* Build configuration list for PBXProject "Trashinator" */ = {
			isa = XCConfigurationList;
			buildConfigurations = (
				1648D1702205DDFE00D824A4 /* Debug */,
				1648D1712205DDFE00D824A4 /* Release */,
			);
			defaultConfigurationIsVisible = 0;
			defaultConfigurationName = Release;
		};
		1648D1722205DDFE00D824A4 /* Build configuration list for PBXNativeTarget "Trashinator" */ = {
			isa = XCConfigurationList;
			buildConfigurations = (
				1648D1732205DDFE00D824A4 /* Debug */,
				1648D1742205DDFE00D824A4 /* Release */,
			);
			defaultConfigurationIsVisible = 0;
			defaultConfigurationName = Release;
		};
/* End XCConfigurationList section */
	};
	rootObject = 1648D1582205DDFB00D824A4 /* Project object */;
}
